
Microsoft Visual Studio Solution File, Format Version 12.00
# Visual Studio Version 17
VisualStudioVersion = 17.13.35825.156
MinimumVisualStudioVersion = 10.0.40219.1
Project("{FAE04EC0-301F-11D3-BF4B-00C04F79EFBC}") = "inventoryManagement", "inventoryManagement\inventoryManagement.csproj", "{D1730CBE-8AA0-4617-B892-BB9C517CB651}"
EndProject
Project("{FAE04EC0-301F-11D3-BF4B-00C04F79EFBC}") = "BusinessLogic", "BusinessLogic\BusinessLogic.csproj", "{61A6B65F-5E89-48AE-BC3A-8A03A6DE19FB}"
EndProject
Project("{FAE04EC0-301F-11D3-BF4B-00C04F79EFBC}") = "DataLogic", "DataLogic\DataLogic.csproj", "{B000CCCD-676D-4F53-970B-AB98EA72C37E}"
EndProject
Project("{FAE04EC0-301F-11D3-BF4B-00C04F79EFBC}") = "InventoryCommon", "InventoryCommon\InventoryCommon.csproj", "{D13C866E-7656-4BED-961B-E3D83ED2DAB3}"
EndProject
Project("{FAE04EC0-301F-11D3-BF4B-00C04F79EFBC}") = "inventoryManagementGUI", "inventoryManagementGUI\inventoryManagementGUI.csproj", "{DF7F3456-DA5C-4731-B2FA-857CC300A8DB}"
EndProject
Project("{2150E333-8FDC-42A3-9474-1A3956D46DE8}") = "Solution Items", "Solution Items", "{8EC462FD-D22E-90A8-E5CE-7E832BA40C5D}"
	ProjectSection(SolutionItems) = preProject
		WebApiProj\WebApplication1\inventoryApi.sln = WebApiProj\WebApplication1\inventoryApi.sln
	EndProjectSection
EndProject
Global
	GlobalSection(SolutionConfigurationPlatforms) = preSolution
		Debug|Any CPU = Debug|Any CPU
		Release|Any CPU = Release|Any CPU
	EndGlobalSection
	GlobalSection(ProjectConfigurationPlatforms) = postSolution
		{D1730CBE-8AA0-4617-B892-BB9C517CB651}.Debug|Any CPU.ActiveCfg = Debug|Any CPU
		{D1730CBE-8AA0-4617-B892-BB9C517CB651}.Debug|Any CPU.Build.0 = Debug|Any CPU
		{D1730CBE-8AA0-4617-B892-BB9C517CB651}.Release|Any CPU.ActiveCfg = Release|Any CPU
		{D1730CBE-8AA0-4617-B892-BB9C517CB651}.Release|Any CPU.Build.0 = Release|Any CPU
		{61A6B65F-5E89-48AE-BC3A-8A03A6DE19FB}.Debug|Any CPU.ActiveCfg = Debug|Any CPU
		{61A6B65F-5E89-48AE-BC3A-8A03A6DE19FB}.Debug|Any CPU.Build.0 = Debug|Any CPU
		{61A6B65F-5E89-48AE-BC3A-8A03A6DE19FB}.Release|Any CPU.ActiveCfg = Release|Any CPU
		{61A6B65F-5E89-48AE-BC3A-8A03A6DE19FB}.Release|Any CPU.Build.0 = Release|Any CPU
		{B000CCCD-676D-4F53-970B-AB98EA72C37E}.Debug|Any CPU.ActiveCfg = Debug|Any CPU
		{B000CCCD-676D-4F53-970B-AB98EA72C37E}.Debug|Any CPU.Build.0 = Debug|Any CPU
		{B000CCCD-676D-4F53-970B-AB98EA72C37E}.Release|Any CPU.ActiveCfg = Release|Any CPU
		{B000CCCD-676D-4F53-970B-AB98EA72C37E}.Release|Any CPU.Build.0 = Release|Any CPU
		{D13C866E-7656-4BED-961B-E3D83ED2DAB3}.Debug|Any CPU.ActiveCfg = Debug|Any CPU
		{D13C866E-7656-4BED-961B-E3D83ED2DAB3}.Debug|Any CPU.Build.0 = Debug|Any CPU
		{D13C866E-7656-4BED-961B-E3D83ED2DAB3}.Release|Any CPU.ActiveCfg = Release|Any CPU
		{D13C866E-7656-4BED-961B-E3D83ED2DAB3}.Release|Any CPU.Build.0 = Release|Any CPU
		{DF7F3456-DA5C-4731-B2FA-857CC300A8DB}.Debug|Any CPU.ActiveCfg = Debug|Any CPU
		{DF7F3456-DA5C-4731-B2FA-857CC300A8DB}.Debug|Any CPU.Build.0 = Debug|Any CPU
		{DF7F3456-DA5C-4731-B2FA-857CC300A8DB}.Release|Any CPU.ActiveCfg = Release|Any CPU
		{DF7F3456-DA5C-4731-B2FA-857CC300A8DB}.Release|Any CPU.Build.0 = Release|Any CPU
	EndGlobalSection
	GlobalSection(SolutionProperties) = preSolution
		HideSolutionNode = FALSE
	EndGlobalSection
	GlobalSection(ExtensibilityGlobals) = postSolution
		SolutionGuid = {22552868-A8ED-4C95-BBF9-A219859273D8}
	EndGlobalSection
EndGlobal
